
Microsoft Visual Studio Solution File, Format Version 12.00
# Visual Studio Version 16
VisualStudioVersion = 16.0.28729.10
MinimumVisualStudioVersion = 10.0.40219.1
Project("{FAE04EC0-301F-11D3-BF4B-00C04F79EFBC}") = "Unjammit.iOS", "iOS\Unjammit.iOS.csproj", "{41182BA1-FEE1-4FF3-AC8D-5A234DDF8664}"
EndProject
Project("{FAE04EC0-301F-11D3-BF4B-00C04F79EFBC}") = "Unjammit.macOS", "macOS\Unjammit.macOS.csproj", "{D8D3D97A-E679-48F4-A9FC-8BDDAD0778D2}"
EndProject
Project("{9A19103F-16F7-4668-BE54-9A1E7A4F7556}") = "Unjammit.Core", "Core\Unjammit.Core.csproj", "{C99DB4A0-9987-45E2-9F9E-D27D09F743CF}"
EndProject
Project("{9A19103F-16F7-4668-BE54-9A1E7A4F7556}") = "Unjammit.Forms", "Forms\Unjammit.Forms.csproj", "{33FE7079-B3CF-49B3-89C1-165EF78457B4}"
EndProject
Project("{2150E333-8FDC-42A3-9474-1A3956D46DE8}") = "Solution Items", "Solution Items", "{06B7F99B-9550-4171-A5EE-A57BE61CA130}"
	ProjectSection(SolutionItems) = preProject
		.editorconfig = .editorconfig
		.gitattributes = .gitattributes
		.gitignore = .gitignore
		Directory.Build.props = Directory.Build.props
		Directory.Build.targets = Directory.Build.targets
		README.md = README.md
	EndProjectSection
EndProject
Project("{FAE04EC0-301F-11D3-BF4B-00C04F79EFBC}") = "Unjammit.UWP", "UWP\Unjammit.UWP.csproj", "{17311CD3-DA86-4669-8153-9BD37636EB05}"
EndProject
Project("{FAE04EC0-301F-11D3-BF4B-00C04F79EFBC}") = "Jam.NET", "WinForms\Jam.NET.csproj", "{7E49A4EB-9AB9-4FE2-BCEC-A9C41A22B575}"
EndProject
Project("{9A19103F-16F7-4668-BE54-9A1E7A4F7556}") = "Unjammit.Apple", "Apple\Unjammit.Apple.csproj", "{48D9D038-DA23-4BDF-8A71-F19078A2C94A}"
EndProject
Project("{FAE04EC0-301F-11D3-BF4B-00C04F79EFBC}") = "Unjammit.Android", "Android\Unjammit.Android.csproj", "{0AD02789-FF75-4D78-86F7-805321922CD1}"
EndProject
Project("{FAE04EC0-301F-11D3-BF4B-00C04F79EFBC}") = "Unjammit.Gtk", "Gtk\Unjammit.Gtk.csproj", "{6F7F48F5-3D84-4B6D-BF83-FFF623B89BFE}"
EndProject
Project("{9A19103F-16F7-4668-BE54-9A1E7A4F7556}") = "Unjammit.Vlc", "Vlc\Unjammit.Vlc.csproj", "{C1E423F3-95C1-4807-8DB8-6D07979623C7}"
EndProject
Global
	GlobalSection(SolutionConfigurationPlatforms) = preSolution
		Debug|Any CPU = Debug|Any CPU
		Debug|ARM = Debug|ARM
		Debug|ARM64 = Debug|ARM64
		Debug|iPhone = Debug|iPhone
		Debug|iPhoneSimulator = Debug|iPhoneSimulator
		Debug|x64 = Debug|x64
		Debug|x86 = Debug|x86
		Release|Any CPU = Release|Any CPU
		Release|ARM = Release|ARM
		Release|ARM64 = Release|ARM64
		Release|iPhone = Release|iPhone
		Release|iPhoneSimulator = Release|iPhoneSimulator
		Release|x64 = Release|x64
		Release|x86 = Release|x86
	EndGlobalSection
	GlobalSection(ProjectConfigurationPlatforms) = postSolution
		{41182BA1-FEE1-4FF3-AC8D-5A234DDF8664}.Debug|Any CPU.ActiveCfg = Debug|iPhoneSimulator
		{41182BA1-FEE1-4FF3-AC8D-5A234DDF8664}.Debug|Any CPU.Build.0 = Debug|iPhoneSimulator
		{41182BA1-FEE1-4FF3-AC8D-5A234DDF8664}.Debug|ARM.ActiveCfg = Debug|iPhone
		{41182BA1-FEE1-4FF3-AC8D-5A234DDF8664}.Debug|ARM64.ActiveCfg = Debug|iPhone
		{41182BA1-FEE1-4FF3-AC8D-5A234DDF8664}.Debug|iPhone.ActiveCfg = Debug|iPhone
		{41182BA1-FEE1-4FF3-AC8D-5A234DDF8664}.Debug|iPhone.Build.0 = Debug|iPhone
		{41182BA1-FEE1-4FF3-AC8D-5A234DDF8664}.Debug|iPhoneSimulator.ActiveCfg = Debug|iPhoneSimulator
		{41182BA1-FEE1-4FF3-AC8D-5A234DDF8664}.Debug|iPhoneSimulator.Build.0 = Debug|iPhoneSimulator
		{41182BA1-FEE1-4FF3-AC8D-5A234DDF8664}.Debug|x64.ActiveCfg = Debug|iPhone
		{41182BA1-FEE1-4FF3-AC8D-5A234DDF8664}.Debug|x86.ActiveCfg = Debug|iPhone
		{41182BA1-FEE1-4FF3-AC8D-5A234DDF8664}.Release|Any CPU.ActiveCfg = Release|iPhoneSimulator
		{41182BA1-FEE1-4FF3-AC8D-5A234DDF8664}.Release|Any CPU.Build.0 = Release|iPhoneSimulator
		{41182BA1-FEE1-4FF3-AC8D-5A234DDF8664}.Release|ARM.ActiveCfg = Release|iPhone
		{41182BA1-FEE1-4FF3-AC8D-5A234DDF8664}.Release|ARM64.ActiveCfg = Release|iPhone
		{41182BA1-FEE1-4FF3-AC8D-5A234DDF8664}.Release|iPhone.ActiveCfg = Release|iPhone
		{41182BA1-FEE1-4FF3-AC8D-5A234DDF8664}.Release|iPhone.Build.0 = Release|iPhone
		{41182BA1-FEE1-4FF3-AC8D-5A234DDF8664}.Release|iPhoneSimulator.ActiveCfg = Release|iPhoneSimulator
		{41182BA1-FEE1-4FF3-AC8D-5A234DDF8664}.Release|iPhoneSimulator.Build.0 = Release|iPhoneSimulator
		{41182BA1-FEE1-4FF3-AC8D-5A234DDF8664}.Release|x64.ActiveCfg = Release|iPhone
		{41182BA1-FEE1-4FF3-AC8D-5A234DDF8664}.Release|x86.ActiveCfg = Release|iPhone
		{D8D3D97A-E679-48F4-A9FC-8BDDAD0778D2}.Debug|Any CPU.ActiveCfg = Debug|Any CPU
		{D8D3D97A-E679-48F4-A9FC-8BDDAD0778D2}.Debug|Any CPU.Build.0 = Debug|Any CPU
		{D8D3D97A-E679-48F4-A9FC-8BDDAD0778D2}.Debug|ARM.ActiveCfg = Debug|Any CPU
		{D8D3D97A-E679-48F4-A9FC-8BDDAD0778D2}.Debug|ARM.Build.0 = Debug|Any CPU
		{D8D3D97A-E679-48F4-A9FC-8BDDAD0778D2}.Debug|ARM64.ActiveCfg = Debug|Any CPU
		{D8D3D97A-E679-48F4-A9FC-8BDDAD0778D2}.Debug|ARM64.Build.0 = Debug|Any CPU
		{D8D3D97A-E679-48F4-A9FC-8BDDAD0778D2}.Debug|iPhone.ActiveCfg = Debug|Any CPU
		{D8D3D97A-E679-48F4-A9FC-8BDDAD0778D2}.Debug|iPhone.Build.0 = Debug|Any CPU
		{D8D3D97A-E679-48F4-A9FC-8BDDAD0778D2}.Debug|iPhoneSimulator.ActiveCfg = Debug|Any CPU
		{D8D3D97A-E679-48F4-A9FC-8BDDAD0778D2}.Debug|iPhoneSimulator.Build.0 = Debug|Any CPU
		{D8D3D97A-E679-48F4-A9FC-8BDDAD0778D2}.Debug|x64.ActiveCfg = Debug|Any CPU
		{D8D3D97A-E679-48F4-A9FC-8BDDAD0778D2}.Debug|x64.Build.0 = Debug|Any CPU
		{D8D3D97A-E679-48F4-A9FC-8BDDAD0778D2}.Debug|x86.ActiveCfg = Debug|Any CPU
		{D8D3D97A-E679-48F4-A9FC-8BDDAD0778D2}.Debug|x86.Build.0 = Debug|Any CPU
		{D8D3D97A-E679-48F4-A9FC-8BDDAD0778D2}.Release|Any CPU.ActiveCfg = Release|Any CPU
		{D8D3D97A-E679-48F4-A9FC-8BDDAD0778D2}.Release|Any CPU.Build.0 = Release|Any CPU
		{D8D3D97A-E679-48F4-A9FC-8BDDAD0778D2}.Release|ARM.ActiveCfg = Release|Any CPU
		{D8D3D97A-E679-48F4-A9FC-8BDDAD0778D2}.Release|ARM.Build.0 = Release|Any CPU
		{D8D3D97A-E679-48F4-A9FC-8BDDAD0778D2}.Release|ARM64.ActiveCfg = Release|Any CPU
		{D8D3D97A-E679-48F4-A9FC-8BDDAD0778D2}.Release|ARM64.Build.0 = Release|Any CPU
		{D8D3D97A-E679-48F4-A9FC-8BDDAD0778D2}.Release|iPhone.ActiveCfg = Release|Any CPU
		{D8D3D97A-E679-48F4-A9FC-8BDDAD0778D2}.Release|iPhone.Build.0 = Release|Any CPU
		{D8D3D97A-E679-48F4-A9FC-8BDDAD0778D2}.Release|iPhoneSimulator.ActiveCfg = Release|Any CPU
		{D8D3D97A-E679-48F4-A9FC-8BDDAD0778D2}.Release|iPhoneSimulator.Build.0 = Release|Any CPU
		{D8D3D97A-E679-48F4-A9FC-8BDDAD0778D2}.Release|x64.ActiveCfg = Release|Any CPU
		{D8D3D97A-E679-48F4-A9FC-8BDDAD0778D2}.Release|x64.Build.0 = Release|Any CPU
		{D8D3D97A-E679-48F4-A9FC-8BDDAD0778D2}.Release|x86.ActiveCfg = Release|Any CPU
		{D8D3D97A-E679-48F4-A9FC-8BDDAD0778D2}.Release|x86.Build.0 = Release|Any CPU
		{C99DB4A0-9987-45E2-9F9E-D27D09F743CF}.Debug|Any CPU.ActiveCfg = Debug|Any CPU
		{C99DB4A0-9987-45E2-9F9E-D27D09F743CF}.Debug|Any CPU.Build.0 = Debug|Any CPU
		{C99DB4A0-9987-45E2-9F9E-D27D09F743CF}.Debug|ARM.ActiveCfg = Debug|Any CPU
		{C99DB4A0-9987-45E2-9F9E-D27D09F743CF}.Debug|ARM.Build.0 = Debug|Any CPU
		{C99DB4A0-9987-45E2-9F9E-D27D09F743CF}.Debug|ARM64.ActiveCfg = Debug|Any CPU
		{C99DB4A0-9987-45E2-9F9E-D27D09F743CF}.Debug|ARM64.Build.0 = Debug|Any CPU
		{C99DB4A0-9987-45E2-9F9E-D27D09F743CF}.Debug|iPhone.ActiveCfg = Debug|Any CPU
		{C99DB4A0-9987-45E2-9F9E-D27D09F743CF}.Debug|iPhone.Build.0 = Debug|Any CPU
		{C99DB4A0-9987-45E2-9F9E-D27D09F743CF}.Debug|iPhoneSimulator.ActiveCfg = Debug|Any CPU
		{C99DB4A0-9987-45E2-9F9E-D27D09F743CF}.Debug|iPhoneSimulator.Build.0 = Debug|Any CPU
		{C99DB4A0-9987-45E2-9F9E-D27D09F743CF}.Debug|x64.ActiveCfg = Debug|Any CPU
		{C99DB4A0-9987-45E2-9F9E-D27D09F743CF}.Debug|x64.Build.0 = Debug|Any CPU
		{C99DB4A0-9987-45E2-9F9E-D27D09F743CF}.Debug|x86.ActiveCfg = Debug|Any CPU
		{C99DB4A0-9987-45E2-9F9E-D27D09F743CF}.Debug|x86.Build.0 = Debug|Any CPU
		{C99DB4A0-9987-45E2-9F9E-D27D09F743CF}.Release|Any CPU.ActiveCfg = Release|Any CPU
		{C99DB4A0-9987-45E2-9F9E-D27D09F743CF}.Release|Any CPU.Build.0 = Release|Any CPU
		{C99DB4A0-9987-45E2-9F9E-D27D09F743CF}.Release|ARM.ActiveCfg = Release|Any CPU
		{C99DB4A0-9987-45E2-9F9E-D27D09F743CF}.Release|ARM.Build.0 = Release|Any CPU
		{C99DB4A0-9987-45E2-9F9E-D27D09F743CF}.Release|ARM64.ActiveCfg = Release|Any CPU
		{C99DB4A0-9987-45E2-9F9E-D27D09F743CF}.Release|ARM64.Build.0 = Release|Any CPU
		{C99DB4A0-9987-45E2-9F9E-D27D09F743CF}.Release|iPhone.ActiveCfg = Release|Any CPU
		{C99DB4A0-9987-45E2-9F9E-D27D09F743CF}.Release|iPhone.Build.0 = Release|Any CPU
		{C99DB4A0-9987-45E2-9F9E-D27D09F743CF}.Release|iPhoneSimulator.ActiveCfg = Release|Any CPU
		{C99DB4A0-9987-45E2-9F9E-D27D09F743CF}.Release|iPhoneSimulator.Build.0 = Release|Any CPU
		{C99DB4A0-9987-45E2-9F9E-D27D09F743CF}.Release|x64.ActiveCfg = Release|Any CPU
		{C99DB4A0-9987-45E2-9F9E-D27D09F743CF}.Release|x64.Build.0 = Release|Any CPU
		{C99DB4A0-9987-45E2-9F9E-D27D09F743CF}.Release|x86.ActiveCfg = Release|Any CPU
		{C99DB4A0-9987-45E2-9F9E-D27D09F743CF}.Release|x86.Build.0 = Release|Any CPU
		{33FE7079-B3CF-49B3-89C1-165EF78457B4}.Debug|Any CPU.ActiveCfg = Debug|Any CPU
		{33FE7079-B3CF-49B3-89C1-165EF78457B4}.Debug|Any CPU.Build.0 = Debug|Any CPU
		{33FE7079-B3CF-49B3-89C1-165EF78457B4}.Debug|ARM.ActiveCfg = Debug|Any CPU
		{33FE7079-B3CF-49B3-89C1-165EF78457B4}.Debug|ARM.Build.0 = Debug|Any CPU
		{33FE7079-B3CF-49B3-89C1-165EF78457B4}.Debug|ARM64.ActiveCfg = Debug|Any CPU
		{33FE7079-B3CF-49B3-89C1-165EF78457B4}.Debug|ARM64.Build.0 = Debug|Any CPU
		{33FE7079-B3CF-49B3-89C1-165EF78457B4}.Debug|iPhone.ActiveCfg = Debug|Any CPU
		{33FE7079-B3CF-49B3-89C1-165EF78457B4}.Debug|iPhone.Build.0 = Debug|Any CPU
		{33FE7079-B3CF-49B3-89C1-165EF78457B4}.Debug|iPhoneSimulator.ActiveCfg = Debug|Any CPU
		{33FE7079-B3CF-49B3-89C1-165EF78457B4}.Debug|iPhoneSimulator.Build.0 = Debug|Any CPU
		{33FE7079-B3CF-49B3-89C1-165EF78457B4}.Debug|x64.ActiveCfg = Debug|Any CPU
		{33FE7079-B3CF-49B3-89C1-165EF78457B4}.Debug|x64.Build.0 = Debug|Any CPU
		{33FE7079-B3CF-49B3-89C1-165EF78457B4}.Debug|x86.ActiveCfg = Debug|Any CPU
		{33FE7079-B3CF-49B3-89C1-165EF78457B4}.Debug|x86.Build.0 = Debug|Any CPU
		{33FE7079-B3CF-49B3-89C1-165EF78457B4}.Release|Any CPU.ActiveCfg = Release|Any CPU
		{33FE7079-B3CF-49B3-89C1-165EF78457B4}.Release|Any CPU.Build.0 = Release|Any CPU
		{33FE7079-B3CF-49B3-89C1-165EF78457B4}.Release|ARM.ActiveCfg = Release|Any CPU
		{33FE7079-B3CF-49B3-89C1-165EF78457B4}.Release|ARM.Build.0 = Release|Any CPU
		{33FE7079-B3CF-49B3-89C1-165EF78457B4}.Release|ARM64.ActiveCfg = Release|Any CPU
		{33FE7079-B3CF-49B3-89C1-165EF78457B4}.Release|ARM64.Build.0 = Release|Any CPU
		{33FE7079-B3CF-49B3-89C1-165EF78457B4}.Release|iPhone.ActiveCfg = Release|Any CPU
		{33FE7079-B3CF-49B3-89C1-165EF78457B4}.Release|iPhone.Build.0 = Release|Any CPU
		{33FE7079-B3CF-49B3-89C1-165EF78457B4}.Release|iPhoneSimulator.ActiveCfg = Release|Any CPU
		{33FE7079-B3CF-49B3-89C1-165EF78457B4}.Release|iPhoneSimulator.Build.0 = Release|Any CPU
		{33FE7079-B3CF-49B3-89C1-165EF78457B4}.Release|x64.ActiveCfg = Release|Any CPU
		{33FE7079-B3CF-49B3-89C1-165EF78457B4}.Release|x64.Build.0 = Release|Any CPU
		{33FE7079-B3CF-49B3-89C1-165EF78457B4}.Release|x86.ActiveCfg = Release|Any CPU
		{33FE7079-B3CF-49B3-89C1-165EF78457B4}.Release|x86.Build.0 = Release|Any CPU
		{17311CD3-DA86-4669-8153-9BD37636EB05}.Debug|Any CPU.ActiveCfg = Debug|x64
		{17311CD3-DA86-4669-8153-9BD37636EB05}.Debug|ARM.ActiveCfg = Debug|ARM
		{17311CD3-DA86-4669-8153-9BD37636EB05}.Debug|ARM.Build.0 = Debug|ARM
		{17311CD3-DA86-4669-8153-9BD37636EB05}.Debug|ARM.Deploy.0 = Debug|ARM
		{17311CD3-DA86-4669-8153-9BD37636EB05}.Debug|ARM64.ActiveCfg = Debug|ARM64
		{17311CD3-DA86-4669-8153-9BD37636EB05}.Debug|ARM64.Build.0 = Debug|ARM64
		{17311CD3-DA86-4669-8153-9BD37636EB05}.Debug|ARM64.Deploy.0 = Debug|ARM64
		{17311CD3-DA86-4669-8153-9BD37636EB05}.Debug|iPhone.ActiveCfg = Debug|x86
		{17311CD3-DA86-4669-8153-9BD37636EB05}.Debug|iPhoneSimulator.ActiveCfg = Debug|x86
		{17311CD3-DA86-4669-8153-9BD37636EB05}.Debug|x64.ActiveCfg = Debug|x64
		{17311CD3-DA86-4669-8153-9BD37636EB05}.Debug|x64.Build.0 = Debug|x64
		{17311CD3-DA86-4669-8153-9BD37636EB05}.Debug|x64.Deploy.0 = Debug|x64
		{17311CD3-DA86-4669-8153-9BD37636EB05}.Debug|x86.ActiveCfg = Debug|x86
		{17311CD3-DA86-4669-8153-9BD37636EB05}.Debug|x86.Build.0 = Debug|x86
		{17311CD3-DA86-4669-8153-9BD37636EB05}.Debug|x86.Deploy.0 = Debug|x86
		{17311CD3-DA86-4669-8153-9BD37636EB05}.Release|Any CPU.ActiveCfg = Release|x86
		{17311CD3-DA86-4669-8153-9BD37636EB05}.Release|ARM.ActiveCfg = Release|ARM
		{17311CD3-DA86-4669-8153-9BD37636EB05}.Release|ARM.Build.0 = Release|ARM
		{17311CD3-DA86-4669-8153-9BD37636EB05}.Release|ARM.Deploy.0 = Release|ARM
		{17311CD3-DA86-4669-8153-9BD37636EB05}.Release|ARM64.ActiveCfg = Release|ARM64
		{17311CD3-DA86-4669-8153-9BD37636EB05}.Release|ARM64.Build.0 = Release|ARM64
		{17311CD3-DA86-4669-8153-9BD37636EB05}.Release|ARM64.Deploy.0 = Release|ARM64
		{17311CD3-DA86-4669-8153-9BD37636EB05}.Release|iPhone.ActiveCfg = Release|x86
		{17311CD3-DA86-4669-8153-9BD37636EB05}.Release|iPhoneSimulator.ActiveCfg = Release|x86
		{17311CD3-DA86-4669-8153-9BD37636EB05}.Release|x64.ActiveCfg = Release|x64
		{17311CD3-DA86-4669-8153-9BD37636EB05}.Release|x64.Build.0 = Release|x64
		{17311CD3-DA86-4669-8153-9BD37636EB05}.Release|x64.Deploy.0 = Release|x64
		{17311CD3-DA86-4669-8153-9BD37636EB05}.Release|x86.ActiveCfg = Release|x86
		{17311CD3-DA86-4669-8153-9BD37636EB05}.Release|x86.Build.0 = Release|x86
		{17311CD3-DA86-4669-8153-9BD37636EB05}.Release|x86.Deploy.0 = Release|x86
		{7E49A4EB-9AB9-4FE2-BCEC-A9C41A22B575}.Debug|Any CPU.ActiveCfg = Debug|Any CPU
		{7E49A4EB-9AB9-4FE2-BCEC-A9C41A22B575}.Debug|Any CPU.Build.0 = Debug|Any CPU
		{7E49A4EB-9AB9-4FE2-BCEC-A9C41A22B575}.Debug|ARM.ActiveCfg = Debug|Any CPU
		{7E49A4EB-9AB9-4FE2-BCEC-A9C41A22B575}.Debug|ARM.Build.0 = Debug|Any CPU
		{7E49A4EB-9AB9-4FE2-BCEC-A9C41A22B575}.Debug|ARM64.ActiveCfg = Debug|Any CPU
		{7E49A4EB-9AB9-4FE2-BCEC-A9C41A22B575}.Debug|ARM64.Build.0 = Debug|Any CPU
		{7E49A4EB-9AB9-4FE2-BCEC-A9C41A22B575}.Debug|iPhone.ActiveCfg = Debug|Any CPU
		{7E49A4EB-9AB9-4FE2-BCEC-A9C41A22B575}.Debug|iPhone.Build.0 = Debug|Any CPU
		{7E49A4EB-9AB9-4FE2-BCEC-A9C41A22B575}.Debug|iPhoneSimulator.ActiveCfg = Debug|Any CPU
		{7E49A4EB-9AB9-4FE2-BCEC-A9C41A22B575}.Debug|iPhoneSimulator.Build.0 = Debug|Any CPU
		{7E49A4EB-9AB9-4FE2-BCEC-A9C41A22B575}.Debug|x64.ActiveCfg = Debug|Any CPU
		{7E49A4EB-9AB9-4FE2-BCEC-A9C41A22B575}.Debug|x64.Build.0 = Debug|Any CPU
		{7E49A4EB-9AB9-4FE2-BCEC-A9C41A22B575}.Debug|x86.ActiveCfg = Debug|Any CPU
		{7E49A4EB-9AB9-4FE2-BCEC-A9C41A22B575}.Debug|x86.Build.0 = Debug|Any CPU
		{7E49A4EB-9AB9-4FE2-BCEC-A9C41A22B575}.Release|Any CPU.ActiveCfg = Release|Any CPU
		{7E49A4EB-9AB9-4FE2-BCEC-A9C41A22B575}.Release|Any CPU.Build.0 = Release|Any CPU
		{7E49A4EB-9AB9-4FE2-BCEC-A9C41A22B575}.Release|ARM.ActiveCfg = Release|Any CPU
		{7E49A4EB-9AB9-4FE2-BCEC-A9C41A22B575}.Release|ARM.Build.0 = Release|Any CPU
		{7E49A4EB-9AB9-4FE2-BCEC-A9C41A22B575}.Release|ARM64.ActiveCfg = Release|Any CPU
		{7E49A4EB-9AB9-4FE2-BCEC-A9C41A22B575}.Release|ARM64.Build.0 = Release|Any CPU
		{7E49A4EB-9AB9-4FE2-BCEC-A9C41A22B575}.Release|iPhone.ActiveCfg = Release|Any CPU
		{7E49A4EB-9AB9-4FE2-BCEC-A9C41A22B575}.Release|iPhone.Build.0 = Release|Any CPU
		{7E49A4EB-9AB9-4FE2-BCEC-A9C41A22B575}.Release|iPhoneSimulator.ActiveCfg = Release|Any CPU
		{7E49A4EB-9AB9-4FE2-BCEC-A9C41A22B575}.Release|iPhoneSimulator.Build.0 = Release|Any CPU
		{7E49A4EB-9AB9-4FE2-BCEC-A9C41A22B575}.Release|x64.ActiveCfg = Release|Any CPU
		{7E49A4EB-9AB9-4FE2-BCEC-A9C41A22B575}.Release|x64.Build.0 = Release|Any CPU
		{7E49A4EB-9AB9-4FE2-BCEC-A9C41A22B575}.Release|x86.ActiveCfg = Release|Any CPU
		{7E49A4EB-9AB9-4FE2-BCEC-A9C41A22B575}.Release|x86.Build.0 = Release|Any CPU
		{48D9D038-DA23-4BDF-8A71-F19078A2C94A}.Debug|Any CPU.ActiveCfg = Debug|Any CPU
		{48D9D038-DA23-4BDF-8A71-F19078A2C94A}.Debug|Any CPU.Build.0 = Debug|Any CPU
		{48D9D038-DA23-4BDF-8A71-F19078A2C94A}.Debug|ARM.ActiveCfg = Debug|Any CPU
		{48D9D038-DA23-4BDF-8A71-F19078A2C94A}.Debug|ARM.Build.0 = Debug|Any CPU
		{48D9D038-DA23-4BDF-8A71-F19078A2C94A}.Debug|ARM64.ActiveCfg = Debug|Any CPU
		{48D9D038-DA23-4BDF-8A71-F19078A2C94A}.Debug|ARM64.Build.0 = Debug|Any CPU
		{48D9D038-DA23-4BDF-8A71-F19078A2C94A}.Debug|iPhone.ActiveCfg = Debug|Any CPU
		{48D9D038-DA23-4BDF-8A71-F19078A2C94A}.Debug|iPhone.Build.0 = Debug|Any CPU
		{48D9D038-DA23-4BDF-8A71-F19078A2C94A}.Debug|iPhoneSimulator.ActiveCfg = Debug|Any CPU
		{48D9D038-DA23-4BDF-8A71-F19078A2C94A}.Debug|iPhoneSimulator.Build.0 = Debug|Any CPU
		{48D9D038-DA23-4BDF-8A71-F19078A2C94A}.Debug|x64.ActiveCfg = Debug|Any CPU
		{48D9D038-DA23-4BDF-8A71-F19078A2C94A}.Debug|x64.Build.0 = Debug|Any CPU
		{48D9D038-DA23-4BDF-8A71-F19078A2C94A}.Debug|x86.ActiveCfg = Debug|Any CPU
		{48D9D038-DA23-4BDF-8A71-F19078A2C94A}.Debug|x86.Build.0 = Debug|Any CPU
		{48D9D038-DA23-4BDF-8A71-F19078A2C94A}.Release|Any CPU.ActiveCfg = Release|Any CPU
		{48D9D038-DA23-4BDF-8A71-F19078A2C94A}.Release|Any CPU.Build.0 = Release|Any CPU
		{48D9D038-DA23-4BDF-8A71-F19078A2C94A}.Release|ARM.ActiveCfg = Release|Any CPU
		{48D9D038-DA23-4BDF-8A71-F19078A2C94A}.Release|ARM.Build.0 = Release|Any CPU
		{48D9D038-DA23-4BDF-8A71-F19078A2C94A}.Release|ARM64.ActiveCfg = Release|Any CPU
		{48D9D038-DA23-4BDF-8A71-F19078A2C94A}.Release|ARM64.Build.0 = Release|Any CPU
		{48D9D038-DA23-4BDF-8A71-F19078A2C94A}.Release|iPhone.ActiveCfg = Release|Any CPU
		{48D9D038-DA23-4BDF-8A71-F19078A2C94A}.Release|iPhone.Build.0 = Release|Any CPU
		{48D9D038-DA23-4BDF-8A71-F19078A2C94A}.Release|iPhoneSimulator.ActiveCfg = Release|Any CPU
		{48D9D038-DA23-4BDF-8A71-F19078A2C94A}.Release|iPhoneSimulator.Build.0 = Release|Any CPU
		{48D9D038-DA23-4BDF-8A71-F19078A2C94A}.Release|x64.ActiveCfg = Release|Any CPU
		{48D9D038-DA23-4BDF-8A71-F19078A2C94A}.Release|x64.Build.0 = Release|Any CPU
		{48D9D038-DA23-4BDF-8A71-F19078A2C94A}.Release|x86.ActiveCfg = Release|Any CPU
		{48D9D038-DA23-4BDF-8A71-F19078A2C94A}.Release|x86.Build.0 = Release|Any CPU
		{0AD02789-FF75-4D78-86F7-805321922CD1}.Debug|Any CPU.ActiveCfg = Debug|Any CPU
		{0AD02789-FF75-4D78-86F7-805321922CD1}.Debug|Any CPU.Build.0 = Debug|Any CPU
		{0AD02789-FF75-4D78-86F7-805321922CD1}.Debug|Any CPU.Deploy.0 = Debug|Any CPU
		{0AD02789-FF75-4D78-86F7-805321922CD1}.Debug|ARM.ActiveCfg = Debug|Any CPU
		{0AD02789-FF75-4D78-86F7-805321922CD1}.Debug|ARM.Build.0 = Debug|Any CPU
		{0AD02789-FF75-4D78-86F7-805321922CD1}.Debug|ARM.Deploy.0 = Debug|Any CPU
		{0AD02789-FF75-4D78-86F7-805321922CD1}.Debug|ARM64.ActiveCfg = Debug|Any CPU
		{0AD02789-FF75-4D78-86F7-805321922CD1}.Debug|ARM64.Build.0 = Debug|Any CPU
		{0AD02789-FF75-4D78-86F7-805321922CD1}.Debug|iPhone.ActiveCfg = Debug|Any CPU
		{0AD02789-FF75-4D78-86F7-805321922CD1}.Debug|iPhone.Build.0 = Debug|Any CPU
		{0AD02789-FF75-4D78-86F7-805321922CD1}.Debug|iPhone.Deploy.0 = Debug|Any CPU
		{0AD02789-FF75-4D78-86F7-805321922CD1}.Debug|iPhoneSimulator.ActiveCfg = Debug|Any CPU
		{0AD02789-FF75-4D78-86F7-805321922CD1}.Debug|iPhoneSimulator.Build.0 = Debug|Any CPU
		{0AD02789-FF75-4D78-86F7-805321922CD1}.Debug|iPhoneSimulator.Deploy.0 = Debug|Any CPU
		{0AD02789-FF75-4D78-86F7-805321922CD1}.Debug|x64.ActiveCfg = Debug|Any CPU
		{0AD02789-FF75-4D78-86F7-805321922CD1}.Debug|x64.Build.0 = Debug|Any CPU
		{0AD02789-FF75-4D78-86F7-805321922CD1}.Debug|x64.Deploy.0 = Debug|Any CPU
		{0AD02789-FF75-4D78-86F7-805321922CD1}.Debug|x86.ActiveCfg = Debug|Any CPU
		{0AD02789-FF75-4D78-86F7-805321922CD1}.Debug|x86.Build.0 = Debug|Any CPU
		{0AD02789-FF75-4D78-86F7-805321922CD1}.Debug|x86.Deploy.0 = Debug|Any CPU
		{0AD02789-FF75-4D78-86F7-805321922CD1}.Release|Any CPU.ActiveCfg = Release|Any CPU
		{0AD02789-FF75-4D78-86F7-805321922CD1}.Release|Any CPU.Build.0 = Release|Any CPU
		{0AD02789-FF75-4D78-86F7-805321922CD1}.Release|Any CPU.Deploy.0 = Release|Any CPU
		{0AD02789-FF75-4D78-86F7-805321922CD1}.Release|ARM.ActiveCfg = Release|Any CPU
		{0AD02789-FF75-4D78-86F7-805321922CD1}.Release|ARM.Build.0 = Release|Any CPU
		{0AD02789-FF75-4D78-86F7-805321922CD1}.Release|ARM.Deploy.0 = Release|Any CPU
		{0AD02789-FF75-4D78-86F7-805321922CD1}.Release|ARM64.ActiveCfg = Release|Any CPU
		{0AD02789-FF75-4D78-86F7-805321922CD1}.Release|ARM64.Build.0 = Release|Any CPU
		{0AD02789-FF75-4D78-86F7-805321922CD1}.Release|ARM64.Deploy.0 = Release|Any CPU
		{0AD02789-FF75-4D78-86F7-805321922CD1}.Release|iPhone.ActiveCfg = Release|Any CPU
		{0AD02789-FF75-4D78-86F7-805321922CD1}.Release|iPhone.Build.0 = Release|Any CPU
		{0AD02789-FF75-4D78-86F7-805321922CD1}.Release|iPhone.Deploy.0 = Release|Any CPU
		{0AD02789-FF75-4D78-86F7-805321922CD1}.Release|iPhoneSimulator.ActiveCfg = Release|Any CPU
		{0AD02789-FF75-4D78-86F7-805321922CD1}.Release|iPhoneSimulator.Build.0 = Release|Any CPU
		{0AD02789-FF75-4D78-86F7-805321922CD1}.Release|iPhoneSimulator.Deploy.0 = Release|Any CPU
		{0AD02789-FF75-4D78-86F7-805321922CD1}.Release|x64.ActiveCfg = Release|Any CPU
		{0AD02789-FF75-4D78-86F7-805321922CD1}.Release|x64.Build.0 = Release|Any CPU
		{0AD02789-FF75-4D78-86F7-805321922CD1}.Release|x64.Deploy.0 = Release|Any CPU
		{0AD02789-FF75-4D78-86F7-805321922CD1}.Release|x86.ActiveCfg = Release|Any CPU
		{0AD02789-FF75-4D78-86F7-805321922CD1}.Release|x86.Build.0 = Release|Any CPU
		{0AD02789-FF75-4D78-86F7-805321922CD1}.Release|x86.Deploy.0 = Release|Any CPU
		{6F7F48F5-3D84-4B6D-BF83-FFF623B89BFE}.Debug|Any CPU.ActiveCfg = Debug|Any CPU
		{6F7F48F5-3D84-4B6D-BF83-FFF623B89BFE}.Debug|Any CPU.Build.0 = Debug|Any CPU
		{6F7F48F5-3D84-4B6D-BF83-FFF623B89BFE}.Debug|ARM.ActiveCfg = Debug|Any CPU
		{6F7F48F5-3D84-4B6D-BF83-FFF623B89BFE}.Debug|ARM.Build.0 = Debug|Any CPU
		{6F7F48F5-3D84-4B6D-BF83-FFF623B89BFE}.Debug|ARM64.ActiveCfg = Debug|Any CPU
		{6F7F48F5-3D84-4B6D-BF83-FFF623B89BFE}.Debug|ARM64.Build.0 = Debug|Any CPU
		{6F7F48F5-3D84-4B6D-BF83-FFF623B89BFE}.Debug|iPhone.ActiveCfg = Debug|Any CPU
		{6F7F48F5-3D84-4B6D-BF83-FFF623B89BFE}.Debug|iPhone.Build.0 = Debug|Any CPU
		{6F7F48F5-3D84-4B6D-BF83-FFF623B89BFE}.Debug|iPhoneSimulator.ActiveCfg = Debug|Any CPU
		{6F7F48F5-3D84-4B6D-BF83-FFF623B89BFE}.Debug|iPhoneSimulator.Build.0 = Debug|Any CPU
		{6F7F48F5-3D84-4B6D-BF83-FFF623B89BFE}.Debug|x64.ActiveCfg = Debug|Any CPU
		{6F7F48F5-3D84-4B6D-BF83-FFF623B89BFE}.Debug|x64.Build.0 = Debug|Any CPU
		{6F7F48F5-3D84-4B6D-BF83-FFF623B89BFE}.Debug|x86.ActiveCfg = Debug|Any CPU
		{6F7F48F5-3D84-4B6D-BF83-FFF623B89BFE}.Debug|x86.Build.0 = Debug|Any CPU
		{6F7F48F5-3D84-4B6D-BF83-FFF623B89BFE}.Release|Any CPU.ActiveCfg = Release|Any CPU
		{6F7F48F5-3D84-4B6D-BF83-FFF623B89BFE}.Release|Any CPU.Build.0 = Release|Any CPU
		{6F7F48F5-3D84-4B6D-BF83-FFF623B89BFE}.Release|ARM.ActiveCfg = Release|Any CPU
		{6F7F48F5-3D84-4B6D-BF83-FFF623B89BFE}.Release|ARM.Build.0 = Release|Any CPU
		{6F7F48F5-3D84-4B6D-BF83-FFF623B89BFE}.Release|ARM64.ActiveCfg = Release|Any CPU
		{6F7F48F5-3D84-4B6D-BF83-FFF623B89BFE}.Release|ARM64.Build.0 = Release|Any CPU
		{6F7F48F5-3D84-4B6D-BF83-FFF623B89BFE}.Release|iPhone.ActiveCfg = Release|Any CPU
		{6F7F48F5-3D84-4B6D-BF83-FFF623B89BFE}.Release|iPhone.Build.0 = Release|Any CPU
		{6F7F48F5-3D84-4B6D-BF83-FFF623B89BFE}.Release|iPhoneSimulator.ActiveCfg = Release|Any CPU
		{6F7F48F5-3D84-4B6D-BF83-FFF623B89BFE}.Release|iPhoneSimulator.Build.0 = Release|Any CPU
		{6F7F48F5-3D84-4B6D-BF83-FFF623B89BFE}.Release|x64.ActiveCfg = Release|Any CPU
		{6F7F48F5-3D84-4B6D-BF83-FFF623B89BFE}.Release|x64.Build.0 = Release|Any CPU
		{6F7F48F5-3D84-4B6D-BF83-FFF623B89BFE}.Release|x86.ActiveCfg = Release|Any CPU
		{6F7F48F5-3D84-4B6D-BF83-FFF623B89BFE}.Release|x86.Build.0 = Release|Any CPU
		{C1E423F3-95C1-4807-8DB8-6D07979623C7}.Debug|Any CPU.ActiveCfg = Debug|Any CPU
		{C1E423F3-95C1-4807-8DB8-6D07979623C7}.Debug|Any CPU.Build.0 = Debug|Any CPU
		{C1E423F3-95C1-4807-8DB8-6D07979623C7}.Debug|ARM.ActiveCfg = Debug|Any CPU
		{C1E423F3-95C1-4807-8DB8-6D07979623C7}.Debug|ARM.Build.0 = Debug|Any CPU
		{C1E423F3-95C1-4807-8DB8-6D07979623C7}.Debug|ARM64.ActiveCfg = Debug|Any CPU
		{C1E423F3-95C1-4807-8DB8-6D07979623C7}.Debug|ARM64.Build.0 = Debug|Any CPU
		{C1E423F3-95C1-4807-8DB8-6D07979623C7}.Debug|iPhone.ActiveCfg = Debug|Any CPU
		{C1E423F3-95C1-4807-8DB8-6D07979623C7}.Debug|iPhone.Build.0 = Debug|Any CPU
		{C1E423F3-95C1-4807-8DB8-6D07979623C7}.Debug|iPhoneSimulator.ActiveCfg = Debug|Any CPU
		{C1E423F3-95C1-4807-8DB8-6D07979623C7}.Debug|iPhoneSimulator.Build.0 = Debug|Any CPU
		{C1E423F3-95C1-4807-8DB8-6D07979623C7}.Debug|x64.ActiveCfg = Debug|Any CPU
		{C1E423F3-95C1-4807-8DB8-6D07979623C7}.Debug|x64.Build.0 = Debug|Any CPU
		{C1E423F3-95C1-4807-8DB8-6D07979623C7}.Debug|x86.ActiveCfg = Debug|Any CPU
		{C1E423F3-95C1-4807-8DB8-6D07979623C7}.Debug|x86.Build.0 = Debug|Any CPU
		{C1E423F3-95C1-4807-8DB8-6D07979623C7}.Release|Any CPU.ActiveCfg = Release|Any CPU
		{C1E423F3-95C1-4807-8DB8-6D07979623C7}.Release|Any CPU.Build.0 = Release|Any CPU
		{C1E423F3-95C1-4807-8DB8-6D07979623C7}.Release|ARM.ActiveCfg = Release|Any CPU
		{C1E423F3-95C1-4807-8DB8-6D07979623C7}.Release|ARM.Build.0 = Release|Any CPU
		{C1E423F3-95C1-4807-8DB8-6D07979623C7}.Release|ARM64.ActiveCfg = Release|Any CPU
		{C1E423F3-95C1-4807-8DB8-6D07979623C7}.Release|ARM64.Build.0 = Release|Any CPU
		{C1E423F3-95C1-4807-8DB8-6D07979623C7}.Release|iPhone.ActiveCfg = Release|Any CPU
		{C1E423F3-95C1-4807-8DB8-6D07979623C7}.Release|iPhone.Build.0 = Release|Any CPU
		{C1E423F3-95C1-4807-8DB8-6D07979623C7}.Release|iPhoneSimulator.ActiveCfg = Release|Any CPU
		{C1E423F3-95C1-4807-8DB8-6D07979623C7}.Release|iPhoneSimulator.Build.0 = Release|Any CPU
		{C1E423F3-95C1-4807-8DB8-6D07979623C7}.Release|x64.ActiveCfg = Release|Any CPU
		{C1E423F3-95C1-4807-8DB8-6D07979623C7}.Release|x64.Build.0 = Release|Any CPU
		{C1E423F3-95C1-4807-8DB8-6D07979623C7}.Release|x86.ActiveCfg = Release|Any CPU
		{C1E423F3-95C1-4807-8DB8-6D07979623C7}.Release|x86.Build.0 = Release|Any CPU
	EndGlobalSection
	GlobalSection(SolutionProperties) = preSolution
		HideSolutionNode = FALSE
	EndGlobalSection
	GlobalSection(ExtensibilityGlobals) = postSolution
		SolutionGuid = {69C0538F-205A-43CA-A7F7-9AEE0F17C743}
	EndGlobalSection
	GlobalSection(MonoDevelopProperties) = preSolution
		Policies = $0
		$0.DotNetNamingPolicy = $1
		$0.TextStylePolicy = $2
		$2.TabWidth = 2
		$2.IndentWidth = 2
		$2.scope = text/x-csharp
		$2.TabsToSpaces = True
		$0.CSharpFormattingPolicy = $3
		$3.scope = text/x-csharp
	EndGlobalSection
EndGlobal
